
Microsoft Visual Studio Solution File, Format Version 12.00
# Visual Studio Version 17
VisualStudioVersion = 17.3.32929.385
MinimumVisualStudioVersion = 10.0.40219.1
Project("{9A19103F-16F7-4668-BE54-9A1E7A4F7556}") = "BookManagementAPI", "BookManagementAPI\BookManagementAPI.csproj", "{5E105136-6590-4E2D-97F4-B294DD1119E6}"
EndProject
Project("{9A19103F-16F7-4668-BE54-9A1E7A4F7556}") = "BusinessObjects", "BusinessObjects\BusinessObjects.csproj", "{3FF1FA3A-0D68-4279-B849-8746E374ECD5}"
EndProject
Project("{9A19103F-16F7-4668-BE54-9A1E7A4F7556}") = "DataAccess", "DataAccess\DataAccess.csproj", "{AB99C5C5-E49F-4C91-AD86-E31C440A41A4}"
EndProject
Project("{9A19103F-16F7-4668-BE54-9A1E7A4F7556}") = "Repositories", "Repositories\Repositories.csproj", "{00FC4399-62A2-48F8-9DC2-46E2F22C34AF}"
EndProject
Project("{9A19103F-16F7-4668-BE54-9A1E7A4F7556}") = "WebClient", "WebClient\WebClient.csproj", "{43132FC9-91C2-472A-B63A-EDAD3DF9A0A4}"
EndProject
Global
	GlobalSection(SolutionConfigurationPlatforms) = preSolution
		Debug|Any CPU = Debug|Any CPU
		Release|Any CPU = Release|Any CPU
	EndGlobalSection
	GlobalSection(ProjectConfigurationPlatforms) = postSolution
		{5E105136-6590-4E2D-97F4-B294DD1119E6}.Debug|Any CPU.ActiveCfg = Debug|Any CPU
		{5E105136-6590-4E2D-97F4-B294DD1119E6}.Debug|Any CPU.Build.0 = Debug|Any CPU
		{5E105136-6590-4E2D-97F4-B294DD1119E6}.Release|Any CPU.ActiveCfg = Release|Any CPU
		{5E105136-6590-4E2D-97F4-B294DD1119E6}.Release|Any CPU.Build.0 = Release|Any CPU
		{3FF1FA3A-0D68-4279-B849-8746E374ECD5}.Debug|Any CPU.ActiveCfg = Debug|Any CPU
		{3FF1FA3A-0D68-4279-B849-8746E374ECD5}.Debug|Any CPU.Build.0 = Debug|Any CPU
		{3FF1FA3A-0D68-4279-B849-8746E374ECD5}.Release|Any CPU.ActiveCfg = Release|Any CPU
		{3FF1FA3A-0D68-4279-B849-8746E374ECD5}.Release|Any CPU.Build.0 = Release|Any CPU
		{AB99C5C5-E49F-4C91-AD86-E31C440A41A4}.Debug|Any CPU.ActiveCfg = Debug|Any CPU
		{AB99C5C5-E49F-4C91-AD86-E31C440A41A4}.Debug|Any CPU.Build.0 = Debug|Any CPU
		{AB99C5C5-E49F-4C91-AD86-E31C440A41A4}.Release|Any CPU.ActiveCfg = Release|Any CPU
		{AB99C5C5-E49F-4C91-AD86-E31C440A41A4}.Release|Any CPU.Build.0 = Release|Any CPU
		{00FC4399-62A2-48F8-9DC2-46E2F22C34AF}.Debug|Any CPU.ActiveCfg = Debug|Any CPU
		{00FC4399-62A2-48F8-9DC2-46E2F22C34AF}.Debug|Any CPU.Build.0 = Debug|Any CPU
		{00FC4399-62A2-48F8-9DC2-46E2F22C34AF}.Release|Any CPU.ActiveCfg = Release|Any CPU
		{00FC4399-62A2-48F8-9DC2-46E2F22C34AF}.Release|Any CPU.Build.0 = Release|Any CPU
		{43132FC9-91C2-472A-B63A-EDAD3DF9A0A4}.Debug|Any CPU.ActiveCfg = Debug|Any CPU
		{43132FC9-91C2-472A-B63A-EDAD3DF9A0A4}.Debug|Any CPU.Build.0 = Debug|Any CPU
		{43132FC9-91C2-472A-B63A-EDAD3DF9A0A4}.Release|Any CPU.ActiveCfg = Release|Any CPU
		{43132FC9-91C2-472A-B63A-EDAD3DF9A0A4}.Release|Any CPU.Build.0 = Release|Any CPU
	EndGlobalSection
	GlobalSection(SolutionProperties) = preSolution
		HideSolutionNode = FALSE
	EndGlobalSection
	GlobalSection(ExtensibilityGlobals) = postSolution
		SolutionGuid = {62A2C86A-08F9-4B63-8F57-C5E7DCF94526}
	EndGlobalSection
EndGlobal
